# This file is autogenerated, do not edit; changes may be undone by the next 'dep ensure'.


[[projects]]
  name = "github.com/julienschmidt/httprouter"
  packages = ["."]
  revision = "975b5c4c7c21c0e3d2764200bf2aa8e34657ae6e"

[[projects]]
  name = "github.com/kelseyhightower/envconfig"
  packages = ["."]
  revision = "70f0258d44cbaa3b6a2581d82f58da01a38e4de4"

[[projects]]
  name = "github.com/rs/xhandler"
  packages = ["."]
  revision = "d9d9599b6aaf6a058cb7b1f48291ded2cbd13390"
  version = "v1.0"

[[projects]]
  name = "github.com/rs/xid"
  packages = ["."]
  revision = "02dd45c33376f85d1064355dc790dcc4850596b1"
  version = "v1.1"

[[projects]]
  name = "github.com/rs/xlog"
  packages = [".","internal/term"]
  revision = "7ed5dc1cca34bb0c9e8f0e58dcf19b6dea3044d5"

[[projects]]
  name = "github.com/sirupsen/logrus"
  packages = ["."]
  revision = "f006c2ac4710855cf0f916dd6b77acf6b048dc6e"
  version = "v1.0.3"

[[projects]]
  branch = "master"
  name = "golang.org/x/crypto"
  packages = ["ssh/terminal"]
  revision = "81e90905daefcd6fd217b62423c0908922eadb30"

[[projects]]
  branch = "master"
  name = "golang.org/x/net"
  packages = ["context"]
  revision = "66aacef3dd8a676686c7ae3716979581e8b03c47"

[[projects]]
  branch = "master"
  name = "golang.org/x/sys"
  packages = ["unix","windows"]
  revision = "7ddbeae9ae08c6a06a59597f0c9edbc5ff2444ce"

[solve-meta]
  analyzer-name = "dep"
  analyzer-version = 1
  inputs-digest = "e59ccb0cbb49d6ee79d6526fbc5be075343a1f24c46c3aa2c74d1e6c89f09ece"
  solver-name = "gps-cdcl"
  solver-version = 1
